
Microsoft Visual Studio Solution File, Format Version 12.00
# Visual Studio 15
VisualStudioVersion = 15.0.28307.645
MinimumVisualStudioVersion = 10.0.40219.1
Project("{FAE04EC0-301F-11D3-BF4B-00C04F79EFBC}") = "Encapsulamento1", "encapulamento1\Encapsulamento1.csproj", "{67DE31D2-F1DE-47A8-A41D-ED95CDDBAF4F}"
EndProject
Project("{FAE04EC0-301F-11D3-BF4B-00C04F79EFBC}") = "Encapsulamento2", "Encapsulamento2\Encapsulamento2.csproj", "{CFF7E3B4-92AE-4235-9C7E-C97142F04D8D}"
EndProject
Project("{FAE04EC0-301F-11D3-BF4B-00C04F79EFBC}") = "Encapsulamento3", "Encapsulamento3\Encapsulamento3.csproj", "{78690192-B1B6-46C5-9CE2-B88A23C34C77}"
EndProject
Global
	GlobalSection(SolutionConfigurationPlatforms) = preSolution
		Debug|Any CPU = Debug|Any CPU
		Release|Any CPU = Release|Any CPU
	EndGlobalSection
	GlobalSection(ProjectConfigurationPlatforms) = postSolution
		{67DE31D2-F1DE-47A8-A41D-ED95CDDBAF4F}.Debug|Any CPU.ActiveCfg = Debug|Any CPU
		{67DE31D2-F1DE-47A8-A41D-ED95CDDBAF4F}.Debug|Any CPU.Build.0 = Debug|Any CPU
		{67DE31D2-F1DE-47A8-A41D-ED95CDDBAF4F}.Release|Any CPU.ActiveCfg = Release|Any CPU
		{67DE31D2-F1DE-47A8-A41D-ED95CDDBAF4F}.Release|Any CPU.Build.0 = Release|Any CPU
		{CFF7E3B4-92AE-4235-9C7E-C97142F04D8D}.Debug|Any CPU.ActiveCfg = Debug|Any CPU
		{CFF7E3B4-92AE-4235-9C7E-C97142F04D8D}.Debug|Any CPU.Build.0 = Debug|Any CPU
		{CFF7E3B4-92AE-4235-9C7E-C97142F04D8D}.Release|Any CPU.ActiveCfg = Release|Any CPU
		{CFF7E3B4-92AE-4235-9C7E-C97142F04D8D}.Release|Any CPU.Build.0 = Release|Any CPU
		{78690192-B1B6-46C5-9CE2-B88A23C34C77}.Debug|Any CPU.ActiveCfg = Debug|Any CPU
		{78690192-B1B6-46C5-9CE2-B88A23C34C77}.Debug|Any CPU.Build.0 = Debug|Any CPU
		{78690192-B1B6-46C5-9CE2-B88A23C34C77}.Release|Any CPU.ActiveCfg = Release|Any CPU
		{78690192-B1B6-46C5-9CE2-B88A23C34C77}.Release|Any CPU.Build.0 = Release|Any CPU
	EndGlobalSection
	GlobalSection(SolutionProperties) = preSolution
		HideSolutionNode = FALSE
	EndGlobalSection
	GlobalSection(ExtensibilityGlobals) = postSolution
		SolutionGuid = {AF5B22DD-8A88-429C-BEC3-C45916004CC9}
	EndGlobalSection
EndGlobal
