
Microsoft Visual Studio Solution File, Format Version 12.00
# Visual Studio Version 16
VisualStudioVersion = 16.0.29709.97
MinimumVisualStudioVersion = 10.0.40219.1
Project("{9A19103F-16F7-4668-BE54-9A1E7A4F7556}") = "Developer.Calc.Triangulo", "Developer.Calc.Triangulo\Developer.Calc.Triangulo.csproj", "{3EB93B82-3AA8-4C1F-88FB-5C77CA3B71B1}"
EndProject
Project("{9A19103F-16F7-4668-BE54-9A1E7A4F7556}") = "Developer.Estoque", "Developer.Estoque\Developer.Estoque.csproj", "{CB51AD43-10FA-42A2-A695-0440FAAFD3E7}"
EndProject
Project("{9A19103F-16F7-4668-BE54-9A1E7A4F7556}") = "Developer.ContaBancaria", "Developer.ContaBancaria\Developer.ContaBancaria.csproj", "{15CB9C6E-6E3B-46F9-A4D9-CB72BCDB8241}"
EndProject
Project("{9A19103F-16F7-4668-BE54-9A1E7A4F7556}") = "Developer.Vetor", "Developer.Vetor\Developer.Vetor.csproj", "{FEDCE531-2667-4018-BFBD-DE98C58EE03F}"
EndProject
Project("{FAE04EC0-301F-11D3-BF4B-00C04F79EFBC}") = "Developer.Parametros.Dinamicos", "Developer.Parametros.Dinamicos\Developer.Parametros.Dinamicos.csproj", "{4EA56D33-243E-489D-8BBA-0B10B349384A}"
EndProject
Global
	GlobalSection(SolutionConfigurationPlatforms) = preSolution
		Debug|Any CPU = Debug|Any CPU
		Release|Any CPU = Release|Any CPU
	EndGlobalSection
	GlobalSection(ProjectConfigurationPlatforms) = postSolution
		{3EB93B82-3AA8-4C1F-88FB-5C77CA3B71B1}.Debug|Any CPU.ActiveCfg = Debug|Any CPU
		{3EB93B82-3AA8-4C1F-88FB-5C77CA3B71B1}.Debug|Any CPU.Build.0 = Debug|Any CPU
		{3EB93B82-3AA8-4C1F-88FB-5C77CA3B71B1}.Release|Any CPU.ActiveCfg = Release|Any CPU
		{3EB93B82-3AA8-4C1F-88FB-5C77CA3B71B1}.Release|Any CPU.Build.0 = Release|Any CPU
		{CB51AD43-10FA-42A2-A695-0440FAAFD3E7}.Debug|Any CPU.ActiveCfg = Debug|Any CPU
		{CB51AD43-10FA-42A2-A695-0440FAAFD3E7}.Debug|Any CPU.Build.0 = Debug|Any CPU
		{CB51AD43-10FA-42A2-A695-0440FAAFD3E7}.Release|Any CPU.ActiveCfg = Release|Any CPU
		{CB51AD43-10FA-42A2-A695-0440FAAFD3E7}.Release|Any CPU.Build.0 = Release|Any CPU
		{15CB9C6E-6E3B-46F9-A4D9-CB72BCDB8241}.Debug|Any CPU.ActiveCfg = Debug|Any CPU
		{15CB9C6E-6E3B-46F9-A4D9-CB72BCDB8241}.Debug|Any CPU.Build.0 = Debug|Any CPU
		{15CB9C6E-6E3B-46F9-A4D9-CB72BCDB8241}.Release|Any CPU.ActiveCfg = Release|Any CPU
		{15CB9C6E-6E3B-46F9-A4D9-CB72BCDB8241}.Release|Any CPU.Build.0 = Release|Any CPU
		{FEDCE531-2667-4018-BFBD-DE98C58EE03F}.Debug|Any CPU.ActiveCfg = Debug|Any CPU
		{FEDCE531-2667-4018-BFBD-DE98C58EE03F}.Debug|Any CPU.Build.0 = Debug|Any CPU
		{FEDCE531-2667-4018-BFBD-DE98C58EE03F}.Release|Any CPU.ActiveCfg = Release|Any CPU
		{FEDCE531-2667-4018-BFBD-DE98C58EE03F}.Release|Any CPU.Build.0 = Release|Any CPU
		{4EA56D33-243E-489D-8BBA-0B10B349384A}.Debug|Any CPU.ActiveCfg = Debug|Any CPU
		{4EA56D33-243E-489D-8BBA-0B10B349384A}.Debug|Any CPU.Build.0 = Debug|Any CPU
		{4EA56D33-243E-489D-8BBA-0B10B349384A}.Release|Any CPU.ActiveCfg = Release|Any CPU
		{4EA56D33-243E-489D-8BBA-0B10B349384A}.Release|Any CPU.Build.0 = Release|Any CPU
	EndGlobalSection
	GlobalSection(SolutionProperties) = preSolution
		HideSolutionNode = FALSE
	EndGlobalSection
	GlobalSection(ExtensibilityGlobals) = postSolution
		SolutionGuid = {A8E0F1B6-0CCD-43E7-BB1C-BCCB18133A29}
	EndGlobalSection
EndGlobal
